
Microsoft Visual Studio Solution File, Format Version 9.00
# Visual Studio 2005
Project("{6989167D-11E4-40FE-8C1A-2192A86A7E90}") = "transpor", "transpor.vfproj", "{289C433A-4560-44B9-90D1-E95A20F39764}"
EndProject
Global
	GlobalSection(SolutionConfigurationPlatforms) = preSolution
		Debug|Win32 = Debug|Win32
		Release|Win32 = Release|Win32
	EndGlobalSection
	GlobalSection(ProjectConfigurationPlatforms) = postSolution
		{289C433A-4560-44B9-90D1-E95A20F39764}.Debug|Win32.ActiveCfg = Debug|Win32
		{289C433A-4560-44B9-90D1-E95A20F39764}.Debug|Win32.Build.0 = Debug|Win32
		{289C433A-4560-44B9-90D1-E95A20F39764}.Release|Win32.ActiveCfg = Release|Win32
		{289C433A-4560-44B9-90D1-E95A20F39764}.Release|Win32.Build.0 = Release|Win32
	EndGlobalSection
	GlobalSection(SolutionProperties) = preSolution
		HideSolutionNode = FALSE
	EndGlobalSection
EndGlobal
